
Microsoft Visual Studio Solution File, Format Version 12.00
# Visual Studio Version 17
VisualStudioVersion = 17.0.32112.339
MinimumVisualStudioVersion = 10.0.40219.1
Project("{FAE04EC0-301F-11D3-BF4B-00C04F79EFBC}") = "CRM_t1.BL", "CRM_t1.BL\CRM_t1.BL.csproj", "{73D8053A-9502-49DB-B738-6A5D62BB44D5}"
EndProject
Project("{FAE04EC0-301F-11D3-BF4B-00C04F79EFBC}") = "CRM_t1.CMD", "CRM_t1.CMD\CRM_t1.CMD.csproj", "{9C33FDD0-C7EC-4C6A-9B57-245E40091927}"
EndProject
Global
	GlobalSection(SolutionConfigurationPlatforms) = preSolution
		Debug|Any CPU = Debug|Any CPU
		Release|Any CPU = Release|Any CPU
	EndGlobalSection
	GlobalSection(ProjectConfigurationPlatforms) = postSolution
		{73D8053A-9502-49DB-B738-6A5D62BB44D5}.Debug|Any CPU.ActiveCfg = Debug|Any CPU
		{73D8053A-9502-49DB-B738-6A5D62BB44D5}.Debug|Any CPU.Build.0 = Debug|Any CPU
		{73D8053A-9502-49DB-B738-6A5D62BB44D5}.Release|Any CPU.ActiveCfg = Release|Any CPU
		{73D8053A-9502-49DB-B738-6A5D62BB44D5}.Release|Any CPU.Build.0 = Release|Any CPU
		{9C33FDD0-C7EC-4C6A-9B57-245E40091927}.Debug|Any CPU.ActiveCfg = Debug|Any CPU
		{9C33FDD0-C7EC-4C6A-9B57-245E40091927}.Debug|Any CPU.Build.0 = Debug|Any CPU
		{9C33FDD0-C7EC-4C6A-9B57-245E40091927}.Release|Any CPU.ActiveCfg = Release|Any CPU
		{9C33FDD0-C7EC-4C6A-9B57-245E40091927}.Release|Any CPU.Build.0 = Release|Any CPU
	EndGlobalSection
	GlobalSection(SolutionProperties) = preSolution
		HideSolutionNode = FALSE
	EndGlobalSection
	GlobalSection(ExtensibilityGlobals) = postSolution
		SolutionGuid = {C988843D-C640-407A-8236-5F25D82A32EA}
	EndGlobalSection
EndGlobal
